
Microsoft Visual Studio Solution File, Format Version 12.00
# Visual Studio Version 16
VisualStudioVersion = 16.0.32510.428
MinimumVisualStudioVersion = 10.0.40219.1
Project("{FAE04EC0-301F-11D3-BF4B-00C04F79EFBC}") = "Breakout Game", "Breakout Game.csproj", "{CFC3BCF5-1AA2-443C-B450-CF92667B037D}"
EndProject
Global
	GlobalSection(SolutionConfigurationPlatforms) = preSolution
		Debug|Any CPU = Debug|Any CPU
		Release|Any CPU = Release|Any CPU
	EndGlobalSection
	GlobalSection(ProjectConfigurationPlatforms) = postSolution
		{CFC3BCF5-1AA2-443C-B450-CF92667B037D}.Debug|Any CPU.ActiveCfg = Debug|Any CPU
		{CFC3BCF5-1AA2-443C-B450-CF92667B037D}.Debug|Any CPU.Build.0 = Debug|Any CPU
		{CFC3BCF5-1AA2-443C-B450-CF92667B037D}.Release|Any CPU.ActiveCfg = Release|Any CPU
		{CFC3BCF5-1AA2-443C-B450-CF92667B037D}.Release|Any CPU.Build.0 = Release|Any CPU
	EndGlobalSection
	GlobalSection(SolutionProperties) = preSolution
		HideSolutionNode = FALSE
	EndGlobalSection
	GlobalSection(ExtensibilityGlobals) = postSolution
		SolutionGuid = {EA4AAE25-A873-4A2F-BB9C-A3A91B1570F6}
	EndGlobalSection
EndGlobal
